
Microsoft Visual Studio Solution File, Format Version 12.00
# Visual Studio Version 16
VisualStudioVersion = 16.0.29728.190
MinimumVisualStudioVersion = 10.0.40219.1
Project("{9A19103F-16F7-4668-BE54-9A1E7A4F7556}") = "xadrez", "xadrex\xadrez.csproj", "{59970388-F0B3-4D38-AEBD-D0EA898841CE}"
EndProject
Global
	GlobalSection(SolutionConfigurationPlatforms) = preSolution
		Debug|Any CPU = Debug|Any CPU
		Release|Any CPU = Release|Any CPU
	EndGlobalSection
	GlobalSection(ProjectConfigurationPlatforms) = postSolution
		{59970388-F0B3-4D38-AEBD-D0EA898841CE}.Debug|Any CPU.ActiveCfg = Debug|Any CPU
		{59970388-F0B3-4D38-AEBD-D0EA898841CE}.Debug|Any CPU.Build.0 = Debug|Any CPU
		{59970388-F0B3-4D38-AEBD-D0EA898841CE}.Release|Any CPU.ActiveCfg = Release|Any CPU
		{59970388-F0B3-4D38-AEBD-D0EA898841CE}.Release|Any CPU.Build.0 = Release|Any CPU
	EndGlobalSection
	GlobalSection(SolutionProperties) = preSolution
		HideSolutionNode = FALSE
	EndGlobalSection
	GlobalSection(ExtensibilityGlobals) = postSolution
		SolutionGuid = {EEA93377-471D-4245-9EE6-5B32E554915D}
	EndGlobalSection
EndGlobal
